
Microsoft Visual Studio Solution File, Format Version 12.00
# Visual Studio Version 17
VisualStudioVersion = 17.13.35806.99 d17.13
MinimumVisualStudioVersion = 10.0.40219.1
Project("{FAE04EC0-301F-11D3-BF4B-00C04F79EFBC}") = "Format.com", "Format.com\Format.com.csproj", "{C8FCA23A-11EB-4804-BDF3-43D0F157C814}"
EndProject
Global
	GlobalSection(SolutionConfigurationPlatforms) = preSolution
		Debug|Any CPU = Debug|Any CPU
		Release|Any CPU = Release|Any CPU
	EndGlobalSection
	GlobalSection(ProjectConfigurationPlatforms) = postSolution
		{C8FCA23A-11EB-4804-BDF3-43D0F157C814}.Debug|Any CPU.ActiveCfg = Debug|Any CPU
		{C8FCA23A-11EB-4804-BDF3-43D0F157C814}.Debug|Any CPU.Build.0 = Debug|Any CPU
		{C8FCA23A-11EB-4804-BDF3-43D0F157C814}.Release|Any CPU.ActiveCfg = Release|Any CPU
		{C8FCA23A-11EB-4804-BDF3-43D0F157C814}.Release|Any CPU.Build.0 = Release|Any CPU
	EndGlobalSection
	GlobalSection(SolutionProperties) = preSolution
		HideSolutionNode = FALSE
	EndGlobalSection
	GlobalSection(ExtensibilityGlobals) = postSolution
		SolutionGuid = {AD2132D0-7B0E-4456-AB87-9A27371D36FA}
	EndGlobalSection
EndGlobal
